
Microsoft Visual Studio Solution File, Format Version 12.00
# Visual Studio Version 17
VisualStudioVersion = 17.6.33723.286
MinimumVisualStudioVersion = 10.0.40219.1
Project("{FAE04EC0-301F-11D3-BF4B-00C04F79EFBC}") = "FiguresLibrary", "FiguresLibrary\FiguresLibrary.csproj", "{645B9817-1B14-4350-A1BA-87FECB8F2174}"
EndProject
Project("{FAE04EC0-301F-11D3-BF4B-00C04F79EFBC}") = "FiguresLibraryTests", "FiguresLibraryTests\FiguresLibraryTests.csproj", "{07FF8A49-AA95-458C-A255-CA9379100947}"
EndProject
Global
	GlobalSection(SolutionConfigurationPlatforms) = preSolution
		Debug|Any CPU = Debug|Any CPU
		Release|Any CPU = Release|Any CPU
	EndGlobalSection
	GlobalSection(ProjectConfigurationPlatforms) = postSolution
		{645B9817-1B14-4350-A1BA-87FECB8F2174}.Debug|Any CPU.ActiveCfg = Debug|Any CPU
		{645B9817-1B14-4350-A1BA-87FECB8F2174}.Debug|Any CPU.Build.0 = Debug|Any CPU
		{645B9817-1B14-4350-A1BA-87FECB8F2174}.Release|Any CPU.ActiveCfg = Release|Any CPU
		{645B9817-1B14-4350-A1BA-87FECB8F2174}.Release|Any CPU.Build.0 = Release|Any CPU
		{07FF8A49-AA95-458C-A255-CA9379100947}.Debug|Any CPU.ActiveCfg = Debug|Any CPU
		{07FF8A49-AA95-458C-A255-CA9379100947}.Debug|Any CPU.Build.0 = Debug|Any CPU
		{07FF8A49-AA95-458C-A255-CA9379100947}.Release|Any CPU.ActiveCfg = Release|Any CPU
		{07FF8A49-AA95-458C-A255-CA9379100947}.Release|Any CPU.Build.0 = Release|Any CPU
	EndGlobalSection
	GlobalSection(SolutionProperties) = preSolution
		HideSolutionNode = FALSE
	EndGlobalSection
	GlobalSection(ExtensibilityGlobals) = postSolution
		SolutionGuid = {A4B85A8D-BAB6-42DD-8464-204D16B1F039}
	EndGlobalSection
EndGlobal
